// !$*UTF8*$!
{
	archiveVersion = 1;
	classes = {
	};
	objectVersion = 56;
	objects = {

/* Begin PBXBuildFile section */
		AA0000010000000000000001 /* WeartherApp.swift in Sources */ = {isa = PBXBuildFile; fileRef = AA0001010000000000000001 /* WeartherApp.swift */; };
		AA0000010000000000000002 /* WeatherModels.swift in Sources */ = {isa = PBXBuildFile; fileRef = AA0001010000000000000002 /* WeatherModels.swift */; };
		AA0000010000000000000003 /* OutfitModels.swift in Sources */ = {isa = PBXBuildFile; fileRef = AA0001010000000000000003 /* OutfitModels.swift */; };
		AA0000010000000000000004 /* OutfitRecommender.swift in Sources */ = {isa = PBXBuildFile; fileRef = AA0001010000000000000004 /* OutfitRecommender.swift */; };
		AA0000010000000000000005 /* OpenMeteoProvider.swift in Sources */ = {isa = PBXBuildFile; fileRef = AA0001010000000000000005 /* OpenMeteoProvider.swift */; };
		AA0000010000000000000006 /* MockWeatherProvider.swift in Sources */ = {isa = PBXBuildFile; fileRef = AA0001010000000000000006 /* MockWeatherProvider.swift */; };
		AA0000010000000000000007 /* OpenWeatherProvider.swift in Sources */ = {isa = PBXBuildFile; fileRef = AA0001010000000000000007 /* OpenWeatherProvider.swift */; };
		AA0000010000000000000008 /* WeatherService.swift in Sources */ = {isa = PBXBuildFile; fileRef = AA0001010000000000000008 /* WeatherService.swift */; };
		AA0000010000000000000009 /* ComfortStore.swift in Sources */ = {isa = PBXBuildFile; fileRef = AA0001010000000000000009 /* ComfortStore.swift */; };
		AA000001000000000000000A /* HomeViewModel.swift in Sources */ = {isa = PBXBuildFile; fileRef = AA000101000000000000000A /* HomeViewModel.swift */; };
		AA000001000000000000000B /* AppTheme.swift in Sources */ = {isa = PBXBuildFile; fileRef = AA000101000000000000000B /* AppTheme.swift */; };
		AA000001000000000000000C /* WeatherIconView.swift in Sources */ = {isa = PBXBuildFile; fileRef = AA000101000000000000000C /* WeatherIconView.swift */; };
		AA000001000000000000000D /* ClothingGlyphView.swift in Sources */ = {isa = PBXBuildFile; fileRef = AA000101000000000000000D /* ClothingGlyphView.swift */; };
		AA000001000000000000000E /* CitySearchView.swift in Sources */ = {isa = PBXBuildFile; fileRef = AA000101000000000000000E /* CitySearchView.swift */; };
		AA000001000000000000000F /* WeatherSummaryView.swift in Sources */ = {isa = PBXBuildFile; fileRef = AA000101000000000000000F /* WeatherSummaryView.swift */; };
		AA0000010000000000000010 /* OutfitCardView.swift in Sources */ = {isa = PBXBuildFile; fileRef = AA0001010000000000000010 /* OutfitCardView.swift */; };
		AA0000010000000000000011 /* HourlyForecastView.swift in Sources */ = {isa = PBXBuildFile; fileRef = AA0001010000000000000011 /* HourlyForecastView.swift */; };
		AA0000010000000000000012 /* ComfortFeedbackView.swift in Sources */ = {isa = PBXBuildFile; fileRef = AA0001010000000000000012 /* ComfortFeedbackView.swift */; };
		AA0000010000000000000013 /* HomeView.swift in Sources */ = {isa = PBXBuildFile; fileRef = AA0001010000000000000013 /* HomeView.swift */; };
		AA000001000000000000001E /* CustomizeView.swift in Sources */ = {isa = PBXBuildFile; fileRef = AA000101000000000000001E /* CustomizeView.swift */; };
		AA000001000000000000001F /* OnboardingView.swift in Sources */ = {isa = PBXBuildFile; fileRef = AA000101000000000000001F /* OnboardingView.swift */; };
		AA0000010000000000000020 /* OutlookView.swift in Sources */ = {isa = PBXBuildFile; fileRef = AA0001010000000000000020 /* OutlookView.swift */; };
		AA0000010000000000000022 /* TripPackPlanner.swift in Sources */ = {isa = PBXBuildFile; fileRef = AA0001010000000000000022 /* TripPackPlanner.swift */; };
		AA0000010000000000000014 /* Assets.xcassets in Resources */ = {isa = PBXBuildFile; fileRef = AA0001010000000000000014 /* Assets.xcassets */; };
		AA0000010000000000000015 /* Outfit-Regular.ttf in Resources */ = {isa = PBXBuildFile; fileRef = AA0001010000000000000016 /* Outfit-Regular.ttf */; };
		AA0000010000000000000016 /* Outfit-Medium.ttf in Resources */ = {isa = PBXBuildFile; fileRef = AA0001010000000000000017 /* Outfit-Medium.ttf */; };
		AA0000010000000000000018 /* Outfit-SemiBold.ttf in Resources */ = {isa = PBXBuildFile; fileRef = AA0001010000000000000019 /* Outfit-SemiBold.ttf */; };
		AA0000010000000000000019 /* Fraunces-Regular.ttf in Resources */ = {isa = PBXBuildFile; fileRef = AA000101000000000000001A /* Fraunces-Regular.ttf */; };
		AA000001000000000000001A /* Fraunces-SemiBold.ttf in Resources */ = {isa = PBXBuildFile; fileRef = AA000101000000000000001B /* Fraunces-SemiBold.ttf */; };
		AA000001000000000000001B /* Fraunces-72pt-Regular.ttf in Resources */ = {isa = PBXBuildFile; fileRef = AA000101000000000000001C /* Fraunces-72pt-Regular.ttf */; };
		AA000001000000000000001C /* Fraunces-72pt-SemiBold.ttf in Resources */ = {isa = PBXBuildFile; fileRef = AA000101000000000000001D /* Fraunces-72pt-SemiBold.ttf */; };
		AA0000010000000000000017 /* AppFonts.swift in Sources */ = {isa = PBXBuildFile; fileRef = AA0001010000000000000018 /* AppFonts.swift */; };
		AA0000010000000000000023 /* FitCopy.swift in Sources */ = {isa = PBXBuildFile; fileRef = AA0001010000000000000023 /* FitCopy.swift */; };
		AA0000010000000000000024 /* WidgetSnapshot.swift in Sources */ = {isa = PBXBuildFile; fileRef = AA0001010000000000000024 /* WidgetSnapshot.swift */; };
		AA000001000000000000002A /* MorningNotificationScheduler.swift in Sources */ = {isa = PBXBuildFile; fileRef = AA000101000000000000002A /* MorningNotificationScheduler.swift */; };
		AA000001000000000000002B /* PackLaneView.swift in Sources */ = {isa = PBXBuildFile; fileRef = AA000101000000000000002B /* PackLaneView.swift */; };
		AA000001000000000000002C /* WeatherEvidenceView.swift in Sources */ = {isa = PBXBuildFile; fileRef = AA000101000000000000002C /* WeatherEvidenceView.swift */; };
		AA000001000000000000002D /* ClothingInfo.swift in Sources */ = {isa = PBXBuildFile; fileRef = AA000101000000000000002D /* ClothingInfo.swift */; };
		AA000001000000000000002E /* TripPackViewModel.swift in Sources */ = {isa = PBXBuildFile; fileRef = AA000101000000000000002E /* TripPackViewModel.swift */; };
		AA000001000000000000002F /* TripPackScreen.swift in Sources */ = {isa = PBXBuildFile; fileRef = AA000101000000000000002F /* TripPackScreen.swift */; };
		AA0000010000000000000030 /* TripPackEntryCard.swift in Sources */ = {isa = PBXBuildFile; fileRef = AA0001010000000000000030 /* TripPackEntryCard.swift */; };
		AA0000010000000000000025 /* WidgetKit.framework in Frameworks */ = {isa = PBXBuildFile; fileRef = AA0001010000000000000025 /* WidgetKit.framework */; };
		AA0000010000000000000026 /* WeartherWidgets.appex in Embed Foundation Extensions */ = {isa = PBXBuildFile; fileRef = WW0002010000000000000001 /* WeartherWidgets.appex */; settings = {ATTRIBUTES = (RemoveHeadersOnCopy, ); }; };
		AA0000010000000000000031 /* LocationService.swift in Sources */ = {isa = PBXBuildFile; fileRef = AA0001010000000000000031 /* LocationService.swift */; };
		WW0000010000000000000001 /* WeartherWidgetsBundle.swift in Sources */ = {isa = PBXBuildFile; fileRef = WW0001010000000000000001 /* WeartherWidgetsBundle.swift */; };
		WW0000010000000000000002 /* WeartherWidgetProvider.swift in Sources */ = {isa = PBXBuildFile; fileRef = WW0001010000000000000002 /* WeartherWidgetProvider.swift */; };
		WW0000010000000000000003 /* WeartherWidgetViews.swift in Sources */ = {isa = PBXBuildFile; fileRef = WW0001010000000000000003 /* WeartherWidgetViews.swift */; };
		WW0000010000000000000004 /* WidgetPalette.swift in Sources */ = {isa = PBXBuildFile; fileRef = WW0001010000000000000004 /* WidgetPalette.swift */; };
		WW0000010000000000000005 /* Assets.xcassets in Resources */ = {isa = PBXBuildFile; fileRef = WW0001010000000000000005 /* Assets.xcassets */; };
		WW0000010000000000000006 /* WidgetSnapshot.swift in Sources */ = {isa = PBXBuildFile; fileRef = AA0001010000000000000024 /* WidgetSnapshot.swift */; };
		WW0000010000000000000007 /* FitCopy.swift in Sources */ = {isa = PBXBuildFile; fileRef = AA0001010000000000000023 /* FitCopy.swift */; };
		WW0000010000000000000008 /* WeatherModels.swift in Sources */ = {isa = PBXBuildFile; fileRef = AA0001010000000000000002 /* WeatherModels.swift */; };
		WW0000010000000000000009 /* OutfitModels.swift in Sources */ = {isa = PBXBuildFile; fileRef = AA0001010000000000000003 /* OutfitModels.swift */; };
		WW000001000000000000000A /* ComfortStore.swift in Sources */ = {isa = PBXBuildFile; fileRef = AA0001010000000000000009 /* ComfortStore.swift */; };
		WW000001000000000000000B /* WidgetKit.framework in Frameworks */ = {isa = PBXBuildFile; fileRef = AA0001010000000000000025 /* WidgetKit.framework */; };
		WW000001000000000000000C /* SwiftUI.framework in Frameworks */ = {isa = PBXBuildFile; fileRef = WW0001010000000000000006 /* SwiftUI.framework */; };
		WW000001000000000000000D /* Outfit-Regular.ttf in Resources */ = {isa = PBXBuildFile; fileRef = AA0001010000000000000016 /* Outfit-Regular.ttf */; };
		WW000001000000000000000E /* Outfit-Medium.ttf in Resources */ = {isa = PBXBuildFile; fileRef = AA0001010000000000000017 /* Outfit-Medium.ttf */; };
		WW000001000000000000000F /* Outfit-SemiBold.ttf in Resources */ = {isa = PBXBuildFile; fileRef = AA0001010000000000000019 /* Outfit-SemiBold.ttf */; };
		WW0000010000000000000010 /* Fraunces-72pt-Regular.ttf in Resources */ = {isa = PBXBuildFile; fileRef = AA000101000000000000001C /* Fraunces-72pt-Regular.ttf */; };
		WW0000010000000000000011 /* Fraunces-72pt-SemiBold.ttf in Resources */ = {isa = PBXBuildFile; fileRef = AA000101000000000000001D /* Fraunces-72pt-SemiBold.ttf */; };
/* End PBXBuildFile section */

/* Begin PBXContainerItemProxy section */
		WW000A010000000000000001 /* PBXContainerItemProxy */ = {
			isa = PBXContainerItemProxy;
			containerPortal = AA0008010000000000000001 /* Project object */;
			proxyType = 1;
			remoteGlobalIDString = WW0005010000000000000001;
			remoteInfo = WeartherWidgets;
		};
/* End PBXContainerItemProxy section */

/* Begin PBXCopyFilesBuildPhase section */
		WW000B010000000000000001 /* Embed Foundation Extensions */ = {
			isa = PBXCopyFilesBuildPhase;
			buildActionMask = 2147483647;
			dstPath = "";
			dstSubfolderSpec = 13;
			files = (
				AA0000010000000000000026 /* WeartherWidgets.appex in Embed Foundation Extensions */,
			);
			name = "Embed Foundation Extensions";
			runOnlyForDeploymentPostprocessing = 0;
		};
/* End PBXCopyFilesBuildPhase section */

/* Begin PBXFileReference section */
		AA0001010000000000000001 /* WeartherApp.swift */ = {isa = PBXFileReference; lastKnownFileType = sourcecode.swift; path = WeartherApp.swift; sourceTree = "<group>"; };
		AA0001010000000000000002 /* WeatherModels.swift */ = {isa = PBXFileReference; lastKnownFileType = sourcecode.swift; path = WeatherModels.swift; sourceTree = "<group>"; };
		AA0001010000000000000003 /* OutfitModels.swift */ = {isa = PBXFileReference; lastKnownFileType = sourcecode.swift; path = OutfitModels.swift; sourceTree = "<group>"; };
		AA0001010000000000000004 /* OutfitRecommender.swift */ = {isa = PBXFileReference; lastKnownFileType = sourcecode.swift; path = OutfitRecommender.swift; sourceTree = "<group>"; };
		AA0001010000000000000005 /* OpenMeteoProvider.swift */ = {isa = PBXFileReference; lastKnownFileType = sourcecode.swift; path = OpenMeteoProvider.swift; sourceTree = "<group>"; };
		AA0001010000000000000006 /* MockWeatherProvider.swift */ = {isa = PBXFileReference; lastKnownFileType = sourcecode.swift; path = MockWeatherProvider.swift; sourceTree = "<group>"; };
		AA0001010000000000000007 /* OpenWeatherProvider.swift */ = {isa = PBXFileReference; lastKnownFileType = sourcecode.swift; path = OpenWeatherProvider.swift; sourceTree = "<group>"; };
		AA0001010000000000000008 /* WeatherService.swift */ = {isa = PBXFileReference; lastKnownFileType = sourcecode.swift; path = WeatherService.swift; sourceTree = "<group>"; };
		AA0001010000000000000009 /* ComfortStore.swift */ = {isa = PBXFileReference; lastKnownFileType = sourcecode.swift; path = ComfortStore.swift; sourceTree = "<group>"; };
		AA000101000000000000000A /* HomeViewModel.swift */ = {isa = PBXFileReference; lastKnownFileType = sourcecode.swift; path = HomeViewModel.swift; sourceTree = "<group>"; };
		AA000101000000000000000B /* AppTheme.swift */ = {isa = PBXFileReference; lastKnownFileType = sourcecode.swift; path = AppTheme.swift; sourceTree = "<group>"; };
		AA000101000000000000000C /* WeatherIconView.swift */ = {isa = PBXFileReference; lastKnownFileType = sourcecode.swift; path = WeatherIconView.swift; sourceTree = "<group>"; };
		AA000101000000000000000D /* ClothingGlyphView.swift */ = {isa = PBXFileReference; lastKnownFileType = sourcecode.swift; path = ClothingGlyphView.swift; sourceTree = "<group>"; };
		AA000101000000000000000E /* CitySearchView.swift */ = {isa = PBXFileReference; lastKnownFileType = sourcecode.swift; path = CitySearchView.swift; sourceTree = "<group>"; };
		AA000101000000000000000F /* WeatherSummaryView.swift */ = {isa = PBXFileReference; lastKnownFileType = sourcecode.swift; path = WeatherSummaryView.swift; sourceTree = "<group>"; };
		AA0001010000000000000010 /* OutfitCardView.swift */ = {isa = PBXFileReference; lastKnownFileType = sourcecode.swift; path = OutfitCardView.swift; sourceTree = "<group>"; };
		AA0001010000000000000011 /* HourlyForecastView.swift */ = {isa = PBXFileReference; lastKnownFileType = sourcecode.swift; path = HourlyForecastView.swift; sourceTree = "<group>"; };
		AA0001010000000000000012 /* ComfortFeedbackView.swift */ = {isa = PBXFileReference; lastKnownFileType = sourcecode.swift; path = ComfortFeedbackView.swift; sourceTree = "<group>"; };
		AA0001010000000000000013 /* HomeView.swift */ = {isa = PBXFileReference; lastKnownFileType = sourcecode.swift; path = HomeView.swift; sourceTree = "<group>"; };
		AA000101000000000000001E /* CustomizeView.swift */ = {isa = PBXFileReference; lastKnownFileType = sourcecode.swift; path = CustomizeView.swift; sourceTree = "<group>"; };
		AA000101000000000000001F /* OnboardingView.swift */ = {isa = PBXFileReference; lastKnownFileType = sourcecode.swift; path = OnboardingView.swift; sourceTree = "<group>"; };
		AA0001010000000000000020 /* OutlookView.swift */ = {isa = PBXFileReference; lastKnownFileType = sourcecode.swift; path = OutlookView.swift; sourceTree = "<group>"; };
		AA0001010000000000000022 /* TripPackPlanner.swift */ = {isa = PBXFileReference; lastKnownFileType = sourcecode.swift; path = TripPackPlanner.swift; sourceTree = "<group>"; };
		AA0001010000000000000014 /* Assets.xcassets */ = {isa = PBXFileReference; lastKnownFileType = folder.assetcatalog; path = Assets.xcassets; sourceTree = "<group>"; };
		AA0001010000000000000015 /* Info.plist */ = {isa = PBXFileReference; lastKnownFileType = text.plist.xml; path = Info.plist; sourceTree = "<group>"; };
		AA0001010000000000000016 /* Outfit-Regular.ttf */ = {isa = PBXFileReference; lastKnownFileType = file; path = "Outfit-Regular.ttf"; sourceTree = "<group>"; };
		AA0001010000000000000017 /* Outfit-Medium.ttf */ = {isa = PBXFileReference; lastKnownFileType = file; path = "Outfit-Medium.ttf"; sourceTree = "<group>"; };
		AA0001010000000000000019 /* Outfit-SemiBold.ttf */ = {isa = PBXFileReference; lastKnownFileType = file; path = "Outfit-SemiBold.ttf"; sourceTree = "<group>"; };
		AA000101000000000000001A /* Fraunces-Regular.ttf */ = {isa = PBXFileReference; lastKnownFileType = file; path = "Fraunces-Regular.ttf"; sourceTree = "<group>"; };
		AA000101000000000000001B /* Fraunces-SemiBold.ttf */ = {isa = PBXFileReference; lastKnownFileType = file; path = "Fraunces-SemiBold.ttf"; sourceTree = "<group>"; };
		AA000101000000000000001C /* Fraunces-72pt-Regular.ttf */ = {isa = PBXFileReference; lastKnownFileType = file; path = "Fraunces-72pt-Regular.ttf"; sourceTree = "<group>"; };
		AA000101000000000000001D /* Fraunces-72pt-SemiBold.ttf */ = {isa = PBXFileReference; lastKnownFileType = file; path = "Fraunces-72pt-SemiBold.ttf"; sourceTree = "<group>"; };
		AA0001010000000000000018 /* AppFonts.swift */ = {isa = PBXFileReference; lastKnownFileType = sourcecode.swift; path = AppFonts.swift; sourceTree = "<group>"; };
		AA0001010000000000000023 /* FitCopy.swift */ = {isa = PBXFileReference; lastKnownFileType = sourcecode.swift; path = FitCopy.swift; sourceTree = "<group>"; };
		AA0001010000000000000024 /* WidgetSnapshot.swift */ = {isa = PBXFileReference; lastKnownFileType = sourcecode.swift; path = WidgetSnapshot.swift; sourceTree = "<group>"; };
		AA0001010000000000000025 /* WidgetKit.framework */ = {isa = PBXFileReference; lastKnownFileType = wrapper.framework; name = WidgetKit.framework; path = System/Library/Frameworks/WidgetKit.framework; sourceTree = SDKROOT; };
		AA0001010000000000000027 /* Wearther.entitlements */ = {isa = PBXFileReference; lastKnownFileType = text.plist.entitlements; path = Wearther.entitlements; sourceTree = "<group>"; };
		AA0002010000000000000001 /* Wearther.app */ = {isa = PBXFileReference; explicitFileType = wrapper.application; includeInIndex = 0; path = Wearther.app; sourceTree = BUILT_PRODUCTS_DIR; };
		WW0001010000000000000001 /* WeartherWidgetsBundle.swift */ = {isa = PBXFileReference; lastKnownFileType = sourcecode.swift; path = WeartherWidgetsBundle.swift; sourceTree = "<group>"; };
		WW0001010000000000000002 /* WeartherWidgetProvider.swift */ = {isa = PBXFileReference; lastKnownFileType = sourcecode.swift; path = WeartherWidgetProvider.swift; sourceTree = "<group>"; };
		WW0001010000000000000003 /* WeartherWidgetViews.swift */ = {isa = PBXFileReference; lastKnownFileType = sourcecode.swift; path = WeartherWidgetViews.swift; sourceTree = "<group>"; };
		WW0001010000000000000004 /* WidgetPalette.swift */ = {isa = PBXFileReference; lastKnownFileType = sourcecode.swift; path = WidgetPalette.swift; sourceTree = "<group>"; };
		WW0001010000000000000005 /* Assets.xcassets */ = {isa = PBXFileReference; lastKnownFileType = folder.assetcatalog; path = Assets.xcassets; sourceTree = "<group>"; };
		WW0001010000000000000006 /* SwiftUI.framework */ = {isa = PBXFileReference; lastKnownFileType = wrapper.framework; name = SwiftUI.framework; path = System/Library/Frameworks/SwiftUI.framework; sourceTree = SDKROOT; };
		WW0001010000000000000007 /* Info.plist */ = {isa = PBXFileReference; lastKnownFileType = text.plist.xml; path = Info.plist; sourceTree = "<group>"; };
		WW0001010000000000000008 /* WeartherWidgets.entitlements */ = {isa = PBXFileReference; lastKnownFileType = text.plist.entitlements; path = WeartherWidgets.entitlements; sourceTree = "<group>"; };
		WW0002010000000000000001 /* WeartherWidgets.appex */ = {isa = PBXFileReference; explicitFileType = "wrapper.app-extension"; includeInIndex = 0; path = WeartherWidgets.appex; sourceTree = BUILT_PRODUCTS_DIR; };
		AA000101000000000000002A /* MorningNotificationScheduler.swift */ = {isa = PBXFileReference; lastKnownFileType = sourcecode.swift; path = MorningNotificationScheduler.swift; sourceTree = "<group>"; };
		AA000101000000000000002B /* PackLaneView.swift */ = {isa = PBXFileReference; lastKnownFileType = sourcecode.swift; path = PackLaneView.swift; sourceTree = "<group>"; };
		AA000101000000000000002C /* WeatherEvidenceView.swift */ = {isa = PBXFileReference; lastKnownFileType = sourcecode.swift; path = WeatherEvidenceView.swift; sourceTree = "<group>"; };
		AA000101000000000000002D /* ClothingInfo.swift */ = {isa = PBXFileReference; lastKnownFileType = sourcecode.swift; path = ClothingInfo.swift; sourceTree = "<group>"; };
		AA000101000000000000002E /* TripPackViewModel.swift */ = {isa = PBXFileReference; lastKnownFileType = sourcecode.swift; path = TripPackViewModel.swift; sourceTree = "<group>"; };
		AA000101000000000000002F /* TripPackScreen.swift */ = {isa = PBXFileReference; lastKnownFileType = sourcecode.swift; path = TripPackScreen.swift; sourceTree = "<group>"; };
		AA0001010000000000000030 /* TripPackEntryCard.swift */ = {isa = PBXFileReference; lastKnownFileType = sourcecode.swift; path = TripPackEntryCard.swift; sourceTree = "<group>"; };
		AA0001010000000000000031 /* LocationService.swift */ = {isa = PBXFileReference; lastKnownFileType = sourcecode.swift; path = LocationService.swift; sourceTree = "<group>"; };
/* End PBXFileReference section */

/* Begin PBXFrameworksBuildPhase section */
		AA0003010000000000000001 /* Frameworks */ = {
			isa = PBXFrameworksBuildPhase;
			buildActionMask = 2147483647;
			files = (
				AA0000010000000000000025 /* WidgetKit.framework in Frameworks */,
			);
			runOnlyForDeploymentPostprocessing = 0;
		};
		WW0003010000000000000001 /* Frameworks */ = {
			isa = PBXFrameworksBuildPhase;
			buildActionMask = 2147483647;
			files = (
				WW000001000000000000000B /* WidgetKit.framework in Frameworks */,
				WW000001000000000000000C /* SwiftUI.framework in Frameworks */,
			);
			runOnlyForDeploymentPostprocessing = 0;
		};
/* End PBXFrameworksBuildPhase section */

/* Begin PBXGroup section */
		AA0004010000000000000001 = {
			isa = PBXGroup;
			children = (
				AA0004010000000000000002 /* Wearther */,
				WW0004010000000000000001 /* WeartherWidgets */,
				AA000401000000000000000B /* Frameworks */,
				AA0004010000000000000003 /* Products */,
			);
			sourceTree = "<group>";
		};
		AA0004010000000000000002 /* Wearther */ = {
			isa = PBXGroup;
			children = (
				AA0001010000000000000001 /* WeartherApp.swift */,
				AA0004010000000000000004 /* Models */,
				AA0004010000000000000005 /* Recommendation */,
				AA0004010000000000000006 /* Services */,
				AA0004010000000000000007 /* ViewModels */,
				AA0004010000000000000008 /* Theme */,
				AA0004010000000000000009 /* Views */,
				AA000401000000000000000C /* Shared */,
				AA000401000000000000000A /* Fonts */,
				AA0001010000000000000014 /* Assets.xcassets */,
				AA0001010000000000000015 /* Info.plist */,
				AA0001010000000000000027 /* Wearther.entitlements */,
			);
			path = Wearther;
			sourceTree = "<group>";
		};
		AA0004010000000000000003 /* Products */ = {
			isa = PBXGroup;
			children = (
				AA0002010000000000000001 /* Wearther.app */,
				WW0002010000000000000001 /* WeartherWidgets.appex */,
			);
			name = Products;
			sourceTree = "<group>";
		};
		AA0004010000000000000004 /* Models */ = {
			isa = PBXGroup;
			children = (
				AA0001010000000000000002 /* WeatherModels.swift */,
				AA0001010000000000000003 /* OutfitModels.swift */,
			);
			path = Models;
			sourceTree = "<group>";
		};
		AA0004010000000000000005 /* Recommendation */ = {
			isa = PBXGroup;
			children = (
				AA0001010000000000000004 /* OutfitRecommender.swift */,
				AA0001010000000000000022 /* TripPackPlanner.swift */,
			);
			path = Recommendation;
			sourceTree = "<group>";
		};
		AA0004010000000000000006 /* Services */ = {
			isa = PBXGroup;
			children = (
				AA0001010000000000000005 /* OpenMeteoProvider.swift */,
				AA0001010000000000000006 /* MockWeatherProvider.swift */,
				AA0001010000000000000007 /* OpenWeatherProvider.swift */,
				AA0001010000000000000008 /* WeatherService.swift */,
				AA0001010000000000000009 /* ComfortStore.swift */,
				AA000101000000000000002A /* MorningNotificationScheduler.swift */,
				AA0001010000000000000031 /* LocationService.swift */,
			);
			path = Services;
			sourceTree = "<group>";
		};
		AA0004010000000000000007 /* ViewModels */ = {
			isa = PBXGroup;
			children = (
				AA000101000000000000000A /* HomeViewModel.swift */,
				AA000101000000000000002E /* TripPackViewModel.swift */,
			);
			path = ViewModels;
			sourceTree = "<group>";
		};
		AA0004010000000000000008 /* Theme */ = {
			isa = PBXGroup;
			children = (
				AA000101000000000000000B /* AppTheme.swift */,
				AA0001010000000000000018 /* AppFonts.swift */,
			);
			path = Theme;
			sourceTree = "<group>";
		};
		AA000401000000000000000A /* Fonts */ = {
			isa = PBXGroup;
			children = (
				AA0001010000000000000016 /* Outfit-Regular.ttf */,
				AA0001010000000000000017 /* Outfit-Medium.ttf */,
				AA0001010000000000000019 /* Outfit-SemiBold.ttf */,
				AA000101000000000000001A /* Fraunces-Regular.ttf */,
				AA000101000000000000001B /* Fraunces-SemiBold.ttf */,
				AA000101000000000000001C /* Fraunces-72pt-Regular.ttf */,
				AA000101000000000000001D /* Fraunces-72pt-SemiBold.ttf */,
			);
			path = Fonts;
			sourceTree = "<group>";
		};
		AA0004010000000000000009 /* Views */ = {
			isa = PBXGroup;
			children = (
				AA000101000000000000000C /* WeatherIconView.swift */,
				AA000101000000000000000D /* ClothingGlyphView.swift */,
				AA000101000000000000000E /* CitySearchView.swift */,
				AA000101000000000000000F /* WeatherSummaryView.swift */,
				AA000101000000000000002C /* WeatherEvidenceView.swift */,
				AA000101000000000000002B /* PackLaneView.swift */,
				AA0001010000000000000010 /* OutfitCardView.swift */,
				AA0001010000000000000011 /* HourlyForecastView.swift */,
				AA0001010000000000000012 /* ComfortFeedbackView.swift */,
				AA000101000000000000001E /* CustomizeView.swift */,
				AA000101000000000000001F /* OnboardingView.swift */,
				AA0001010000000000000020 /* OutlookView.swift */,
				AA0001010000000000000013 /* HomeView.swift */,
				AA000101000000000000002F /* TripPackScreen.swift */,
				AA0001010000000000000030 /* TripPackEntryCard.swift */,
			);
			path = Views;
			sourceTree = "<group>";
		};
		AA000401000000000000000B /* Frameworks */ = {
			isa = PBXGroup;
			children = (
				AA0001010000000000000025 /* WidgetKit.framework */,
				WW0001010000000000000006 /* SwiftUI.framework */,
			);
			name = Frameworks;
			sourceTree = "<group>";
		};
		AA000401000000000000000C /* Shared */ = {
			isa = PBXGroup;
			children = (
				AA0001010000000000000023 /* FitCopy.swift */,
				AA0001010000000000000024 /* WidgetSnapshot.swift */,
				AA000101000000000000002D /* ClothingInfo.swift */,
			);
			path = Shared;
			sourceTree = "<group>";
		};
		WW0004010000000000000001 /* WeartherWidgets */ = {
			isa = PBXGroup;
			children = (
				WW0001010000000000000001 /* WeartherWidgetsBundle.swift */,
				WW0001010000000000000002 /* WeartherWidgetProvider.swift */,
				WW0001010000000000000003 /* WeartherWidgetViews.swift */,
				WW0001010000000000000004 /* WidgetPalette.swift */,
				WW0001010000000000000005 /* Assets.xcassets */,
				WW0001010000000000000007 /* Info.plist */,
				WW0001010000000000000008 /* WeartherWidgets.entitlements */,
			);
			path = WeartherWidgets;
			sourceTree = "<group>";
		};
/* End PBXGroup section */

/* Begin PBXNativeTarget section */
		AA0005010000000000000001 /* Wearther */ = {
			isa = PBXNativeTarget;
			buildConfigurationList = AA0007010000000000000003 /* Build configuration list for PBXNativeTarget "Wearther" */;
			buildPhases = (
				AA0006010000000000000001 /* Sources */,
				AA0003010000000000000001 /* Frameworks */,
				AA0006010000000000000002 /* Resources */,
				WW000B010000000000000001 /* Embed Foundation Extensions */,
			);
			buildRules = (
			);
			dependencies = (
				WW000C010000000000000001 /* PBXTargetDependency */,
			);
			name = Wearther;
			productName = Wearther;
			productReference = AA0002010000000000000001 /* Wearther.app */;
			productType = "com.apple.product-type.application";
		};
		WW0005010000000000000001 /* WeartherWidgets */ = {
			isa = PBXNativeTarget;
			buildConfigurationList = WW0007010000000000000001 /* Build configuration list for PBXNativeTarget "WeartherWidgets" */;
			buildPhases = (
				WW0006010000000000000001 /* Sources */,
				WW0003010000000000000001 /* Frameworks */,
				WW0006010000000000000002 /* Resources */,
			);
			buildRules = (
			);
			dependencies = (
			);
			name = WeartherWidgets;
			productName = WeartherWidgets;
			productReference = WW0002010000000000000001 /* WeartherWidgets.appex */;
			productType = "com.apple.product-type.app-extension";
		};
/* End PBXNativeTarget section */

/* Begin PBXProject section */
		AA0008010000000000000001 /* Project object */ = {
			isa = PBXProject;
			attributes = {
				BuildIndependentTargetsInParallel = 1;
				LastSwiftUpdateCheck = 1500;
				LastUpgradeCheck = 1500;
				TargetAttributes = {
					AA0005010000000000000001 = {
						CreatedOnToolsVersion = 15.0;
					};
					WW0005010000000000000001 = {
						CreatedOnToolsVersion = 15.0;
					};
				};
			};
			buildConfigurationList = AA0007010000000000000001 /* Build configuration list for PBXProject "Wearther" */;
			compatibilityVersion = "Xcode 14.0";
			developmentRegion = en;
			hasScannedForEncodings = 0;
			knownRegions = (
				en,
				Base,
			);
			mainGroup = AA0004010000000000000001;
			productRefGroup = AA0004010000000000000003 /* Products */;
			projectDirPath = "";
			projectRoot = "";
			targets = (
				AA0005010000000000000001 /* Wearther */,
				WW0005010000000000000001 /* WeartherWidgets */,
			);
		};
/* End PBXProject section */

/* Begin PBXResourcesBuildPhase section */
		AA0006010000000000000002 /* Resources */ = {
			isa = PBXResourcesBuildPhase;
			buildActionMask = 2147483647;
			files = (
				AA0000010000000000000014 /* Assets.xcassets in Resources */,
				AA0000010000000000000015 /* Outfit-Regular.ttf in Resources */,
				AA0000010000000000000016 /* Outfit-Medium.ttf in Resources */,
				AA0000010000000000000018 /* Outfit-SemiBold.ttf in Resources */,
				AA0000010000000000000019 /* Fraunces-Regular.ttf in Resources */,
				AA000001000000000000001A /* Fraunces-SemiBold.ttf in Resources */,
				AA000001000000000000001B /* Fraunces-72pt-Regular.ttf in Resources */,
				AA000001000000000000001C /* Fraunces-72pt-SemiBold.ttf in Resources */,
			);
			runOnlyForDeploymentPostprocessing = 0;
		};
		WW0006010000000000000002 /* Resources */ = {
			isa = PBXResourcesBuildPhase;
			buildActionMask = 2147483647;
			files = (
				WW0000010000000000000005 /* Assets.xcassets in Resources */,
				WW000001000000000000000D /* Outfit-Regular.ttf in Resources */,
				WW000001000000000000000E /* Outfit-Medium.ttf in Resources */,
				WW000001000000000000000F /* Outfit-SemiBold.ttf in Resources */,
				WW0000010000000000000010 /* Fraunces-72pt-Regular.ttf in Resources */,
				WW0000010000000000000011 /* Fraunces-72pt-SemiBold.ttf in Resources */,
			);
			runOnlyForDeploymentPostprocessing = 0;
		};
/* End PBXResourcesBuildPhase section */

/* Begin PBXSourcesBuildPhase section */
		AA0006010000000000000001 /* Sources */ = {
			isa = PBXSourcesBuildPhase;
			buildActionMask = 2147483647;
			files = (
				AA0000010000000000000001 /* WeartherApp.swift in Sources */,
				AA0000010000000000000002 /* WeatherModels.swift in Sources */,
				AA0000010000000000000003 /* OutfitModels.swift in Sources */,
				AA0000010000000000000004 /* OutfitRecommender.swift in Sources */,
				AA0000010000000000000022 /* TripPackPlanner.swift in Sources */,
				AA0000010000000000000005 /* OpenMeteoProvider.swift in Sources */,
				AA0000010000000000000006 /* MockWeatherProvider.swift in Sources */,
				AA0000010000000000000007 /* OpenWeatherProvider.swift in Sources */,
				AA0000010000000000000008 /* WeatherService.swift in Sources */,
				AA0000010000000000000031 /* LocationService.swift in Sources */,
				AA000001000000000000002A /* MorningNotificationScheduler.swift in Sources */,
				AA0000010000000000000009 /* ComfortStore.swift in Sources */,
				AA000001000000000000000A /* HomeViewModel.swift in Sources */,
				AA000001000000000000002E /* TripPackViewModel.swift in Sources */,
				AA000001000000000000000B /* AppTheme.swift in Sources */,
				AA0000010000000000000017 /* AppFonts.swift in Sources */,
				AA0000010000000000000023 /* FitCopy.swift in Sources */,
				AA0000010000000000000024 /* WidgetSnapshot.swift in Sources */,
				AA000001000000000000002D /* ClothingInfo.swift in Sources */,
				AA000001000000000000000C /* WeatherIconView.swift in Sources */,
				AA000001000000000000000D /* ClothingGlyphView.swift in Sources */,
				AA000001000000000000000E /* CitySearchView.swift in Sources */,
				AA000001000000000000000F /* WeatherSummaryView.swift in Sources */,
				AA000001000000000000002C /* WeatherEvidenceView.swift in Sources */,
				AA000001000000000000002B /* PackLaneView.swift in Sources */,
				AA0000010000000000000010 /* OutfitCardView.swift in Sources */,
				AA0000010000000000000011 /* HourlyForecastView.swift in Sources */,
				AA0000010000000000000012 /* ComfortFeedbackView.swift in Sources */,
				AA000001000000000000001E /* CustomizeView.swift in Sources */,
				AA000001000000000000001F /* OnboardingView.swift in Sources */,
				AA0000010000000000000020 /* OutlookView.swift in Sources */,
				AA0000010000000000000013 /* HomeView.swift in Sources */,
				AA000001000000000000002F /* TripPackScreen.swift in Sources */,
				AA0000010000000000000030 /* TripPackEntryCard.swift in Sources */,
			);
			runOnlyForDeploymentPostprocessing = 0;
		};
		WW0006010000000000000001 /* Sources */ = {
			isa = PBXSourcesBuildPhase;
			buildActionMask = 2147483647;
			files = (
				WW0000010000000000000001 /* WeartherWidgetsBundle.swift in Sources */,
				WW0000010000000000000002 /* WeartherWidgetProvider.swift in Sources */,
				WW0000010000000000000003 /* WeartherWidgetViews.swift in Sources */,
				WW0000010000000000000004 /* WidgetPalette.swift in Sources */,
				WW0000010000000000000006 /* WidgetSnapshot.swift in Sources */,
				WW0000010000000000000007 /* FitCopy.swift in Sources */,
				WW0000010000000000000008 /* WeatherModels.swift in Sources */,
				WW0000010000000000000009 /* OutfitModels.swift in Sources */,
				WW000001000000000000000A /* ComfortStore.swift in Sources */,
			);
			runOnlyForDeploymentPostprocessing = 0;
		};
/* End PBXSourcesBuildPhase section */

/* Begin PBXTargetDependency section */
		WW000C010000000000000001 /* PBXTargetDependency */ = {
			isa = PBXTargetDependency;
			target = WW0005010000000000000001 /* WeartherWidgets */;
			targetProxy = WW000A010000000000000001 /* PBXContainerItemProxy */;
		};
/* End PBXTargetDependency section */

/* Begin XCBuildConfiguration section */
		AA0009010000000000000001 /* Debug */ = {
			isa = XCBuildConfiguration;
			buildSettings = {
				ALWAYS_SEARCH_USER_PATHS = NO;
				ASSETCATALOG_COMPILER_GENERATE_SWIFT_ASSET_SYMBOL_EXTENSIONS = YES;
				CLANG_ANALYZER_NONNULL = YES;
				CLANG_ANALYZER_NUMBER_OBJECT_CONVERSION = YES_AGGRESSIVE;
				CLANG_CXX_LANGUAGE_STANDARD = "gnu++20";
				CLANG_ENABLE_MODULES = YES;
				CLANG_ENABLE_OBJC_ARC = YES;
				CLANG_ENABLE_OBJC_WEAK = YES;
				CLANG_WARN_BLOCK_CAPTURE_AUTORELEASING = YES;
				CLANG_WARN_BOOL_CONVERSION = YES;
				CLANG_WARN_COMMA = YES;
				CLANG_WARN_CONSTANT_CONVERSION = YES;
				CLANG_WARN_DEPRECATED_OBJC_IMPLEMENTATIONS = YES;
				CLANG_WARN_DIRECT_OBJC_ISA_USAGE = YES_ERROR;
				CLANG_WARN_DOCUMENTATION_COMMENTS = YES;
				CLANG_WARN_EMPTY_BODY = YES;
				CLANG_WARN_ENUM_CONVERSION = YES;
				CLANG_WARN_INFINITE_RECURSION = YES;
				CLANG_WARN_INT_CONVERSION = YES;
				CLANG_WARN_NON_LITERAL_NULL_CONVERSION = YES;
				CLANG_WARN_OBJC_IMPLICIT_RETAIN_SELF = YES;
				CLANG_WARN_OBJC_LITERAL_CONVERSION = YES;
				CLANG_WARN_OBJC_ROOT_CLASS = YES_ERROR;
				CLANG_WARN_QUOTED_INCLUDE_IN_FRAMEWORK_HEADER = YES;
				CLANG_WARN_RANGE_LOOP_ANALYSIS = YES;
				CLANG_WARN_STRICT_PROTOTYPES = YES;
				CLANG_WARN_SUSPICIOUS_MOVE = YES;
				CLANG_WARN_UNGUARDED_AVAILABILITY = YES_AGGRESSIVE;
				CLANG_WARN_UNREACHABLE_CODE = YES;
				CLANG_WARN__DUPLICATE_METHOD_MATCH = YES;
				COPY_PHASE_STRIP = NO;
				DEBUG_INFORMATION_FORMAT = dwarf;
				ENABLE_STRICT_OBJC_MSGSEND = YES;
				ENABLE_TESTABILITY = YES;
				ENABLE_USER_SCRIPT_SANDBOXING = YES;
				GCC_C_LANGUAGE_STANDARD = gnu17;
				GCC_DYNAMIC_NO_PIC = NO;
				GCC_NO_COMMON_BLOCKS = YES;
				GCC_OPTIMIZATION_LEVEL = 0;
				GCC_PREPROCESSOR_DEFINITIONS = (
					"DEBUG=1",
					"$(inherited)",
				);
				GCC_WARN_64_TO_32_BIT_CONVERSION = YES;
				GCC_WARN_ABOUT_RETURN_TYPE = YES_ERROR;
				GCC_WARN_UNDECLARED_SELECTOR = YES;
				GCC_WARN_UNINITIALIZED_AUTOS = YES_AGGRESSIVE;
				GCC_WARN_UNUSED_FUNCTION = YES;
				GCC_WARN_UNUSED_VARIABLE = YES;
				IPHONEOS_DEPLOYMENT_TARGET = 17.0;
				LOCALIZATION_PREFERS_STRING_CATALOGS = YES;
				MTL_ENABLE_DEBUG_INFO = INCLUDE_SOURCE;
				MTL_FAST_MATH = YES;
				ONLY_ACTIVE_ARCH = YES;
				SDKROOT = iphoneos;
				SWIFT_ACTIVE_COMPILATION_CONDITIONS = "DEBUG $(inherited)";
				SWIFT_OPTIMIZATION_LEVEL = "-Onone";
			};
			name = Debug;
		};
		AA0009010000000000000002 /* Release */ = {
			isa = XCBuildConfiguration;
			buildSettings = {
				ALWAYS_SEARCH_USER_PATHS = NO;
				ASSETCATALOG_COMPILER_GENERATE_SWIFT_ASSET_SYMBOL_EXTENSIONS = YES;
				CLANG_ANALYZER_NONNULL = YES;
				CLANG_ANALYZER_NUMBER_OBJECT_CONVERSION = YES_AGGRESSIVE;
				CLANG_CXX_LANGUAGE_STANDARD = "gnu++20";
				CLANG_ENABLE_MODULES = YES;
				CLANG_ENABLE_OBJC_ARC = YES;
				CLANG_ENABLE_OBJC_WEAK = YES;
				CLANG_WARN_BLOCK_CAPTURE_AUTORELEASING = YES;
				CLANG_WARN_BOOL_CONVERSION = YES;
				CLANG_WARN_COMMA = YES;
				CLANG_WARN_CONSTANT_CONVERSION = YES;
				CLANG_WARN_DEPRECATED_OBJC_IMPLEMENTATIONS = YES;
				CLANG_WARN_DIRECT_OBJC_ISA_USAGE = YES_ERROR;
				CLANG_WARN_DOCUMENTATION_COMMENTS = YES;
				CLANG_WARN_EMPTY_BODY = YES;
				CLANG_WARN_ENUM_CONVERSION = YES;
				CLANG_WARN_INFINITE_RECURSION = YES;
				CLANG_WARN_INT_CONVERSION = YES;
				CLANG_WARN_NON_LITERAL_NULL_CONVERSION = YES;
				CLANG_WARN_OBJC_IMPLICIT_RETAIN_SELF = YES;
				CLANG_WARN_OBJC_LITERAL_CONVERSION = YES;
				CLANG_WARN_OBJC_ROOT_CLASS = YES_ERROR;
				CLANG_WARN_QUOTED_INCLUDE_IN_FRAMEWORK_HEADER = YES;
				CLANG_WARN_RANGE_LOOP_ANALYSIS = YES;
				CLANG_WARN_STRICT_PROTOTYPES = YES;
				CLANG_WARN_SUSPICIOUS_MOVE = YES;
				CLANG_WARN_UNGUARDED_AVAILABILITY = YES_AGGRESSIVE;
				CLANG_WARN_UNREACHABLE_CODE = YES;
				CLANG_WARN__DUPLICATE_METHOD_MATCH = YES;
				COPY_PHASE_STRIP = NO;
				DEBUG_INFORMATION_FORMAT = "dwarf-with-dsym";
				ENABLE_NS_ASSERTIONS = NO;
				ENABLE_STRICT_OBJC_MSGSEND = YES;
				ENABLE_USER_SCRIPT_SANDBOXING = YES;
				GCC_C_LANGUAGE_STANDARD = gnu17;
				GCC_NO_COMMON_BLOCKS = YES;
				GCC_WARN_64_TO_32_BIT_CONVERSION = YES;
				GCC_WARN_ABOUT_RETURN_TYPE = YES_ERROR;
				GCC_WARN_UNDECLARED_SELECTOR = YES;
				GCC_WARN_UNINITIALIZED_AUTOS = YES_AGGRESSIVE;
				GCC_WARN_UNUSED_FUNCTION = YES;
				GCC_WARN_UNUSED_VARIABLE = YES;
				IPHONEOS_DEPLOYMENT_TARGET = 17.0;
				LOCALIZATION_PREFERS_STRING_CATALOGS = YES;
				MTL_ENABLE_DEBUG_INFO = NO;
				MTL_FAST_MATH = YES;
				SDKROOT = iphoneos;
				SWIFT_COMPILATION_MODE = wholemodule;
				VALIDATE_PRODUCT = YES;
			};
			name = Release;
		};
		AA0009010000000000000003 /* Debug */ = {
			isa = XCBuildConfiguration;
			buildSettings = {
				ASSETCATALOG_COMPILER_APPICON_NAME = AppIcon;
				ASSETCATALOG_COMPILER_GLOBAL_ACCENT_COLOR_NAME = AccentColor;
				CODE_SIGN_ENTITLEMENTS = Wearther/Wearther.entitlements;
				CODE_SIGN_STYLE = Automatic;
				CURRENT_PROJECT_VERSION = 1;
				DEVELOPMENT_TEAM = "";
				ENABLE_PREVIEWS = YES;
				GENERATE_INFOPLIST_FILE = NO;
				INFOPLIST_FILE = Wearther/Info.plist;
				INFOPLIST_KEY_UIApplicationSupportsIndirectInputEvents = YES;
				INFOPLIST_KEY_UILaunchScreen_Generation = YES;
				LD_RUNPATH_SEARCH_PATHS = (
					"$(inherited)",
					"@executable_path/Frameworks",
				);
				MARKETING_VERSION = 1.0;
				PRODUCT_BUNDLE_IDENTIFIER = com.wearther.app;
				PRODUCT_NAME = "$(TARGET_NAME)";
				SUPPORTED_PLATFORMS = "iphoneos iphonesimulator";
				SUPPORTS_MACCATALYST = NO;
				SWIFT_EMIT_LOC_STRINGS = YES;
				SWIFT_VERSION = 5.0;
				TARGETED_DEVICE_FAMILY = 1;
			};
			name = Debug;
		};
		AA0009010000000000000004 /* Release */ = {
			isa = XCBuildConfiguration;
			buildSettings = {
				ASSETCATALOG_COMPILER_APPICON_NAME = AppIcon;
				ASSETCATALOG_COMPILER_GLOBAL_ACCENT_COLOR_NAME = AccentColor;
				CODE_SIGN_ENTITLEMENTS = Wearther/Wearther.entitlements;
				CODE_SIGN_STYLE = Automatic;
				CURRENT_PROJECT_VERSION = 1;
				DEVELOPMENT_TEAM = "";
				ENABLE_PREVIEWS = YES;
				GENERATE_INFOPLIST_FILE = NO;
				INFOPLIST_FILE = Wearther/Info.plist;
				INFOPLIST_KEY_UIApplicationSupportsIndirectInputEvents = YES;
				INFOPLIST_KEY_UILaunchScreen_Generation = YES;
				LD_RUNPATH_SEARCH_PATHS = (
					"$(inherited)",
					"@executable_path/Frameworks",
				);
				MARKETING_VERSION = 1.0;
				PRODUCT_BUNDLE_IDENTIFIER = com.wearther.app;
				PRODUCT_NAME = "$(TARGET_NAME)";
				SUPPORTED_PLATFORMS = "iphoneos iphonesimulator";
				SUPPORTS_MACCATALYST = NO;
				SWIFT_EMIT_LOC_STRINGS = YES;
				SWIFT_VERSION = 5.0;
				TARGETED_DEVICE_FAMILY = 1;
			};
			name = Release;
		};
		WW0009010000000000000001 /* Debug */ = {
			isa = XCBuildConfiguration;
			buildSettings = {
				ASSETCATALOG_COMPILER_GLOBAL_ACCENT_COLOR_NAME = AccentColor;
				CODE_SIGN_ENTITLEMENTS = WeartherWidgets/WeartherWidgets.entitlements;
				CODE_SIGN_STYLE = Automatic;
				CURRENT_PROJECT_VERSION = 1;
				DEVELOPMENT_TEAM = "";
				GENERATE_INFOPLIST_FILE = NO;
				INFOPLIST_FILE = WeartherWidgets/Info.plist;
				IPHONEOS_DEPLOYMENT_TARGET = 17.0;
				LD_RUNPATH_SEARCH_PATHS = (
					"$(inherited)",
					"@executable_path/Frameworks",
					"@executable_path/../../Frameworks",
				);
				MARKETING_VERSION = 1.0;
				PRODUCT_BUNDLE_IDENTIFIER = com.wearther.app.widgets;
				PRODUCT_NAME = "$(TARGET_NAME)";
				SKIP_INSTALL = YES;
				SUPPORTED_PLATFORMS = "iphoneos iphonesimulator";
				SUPPORTS_MACCATALYST = NO;
				SWIFT_EMIT_LOC_STRINGS = YES;
				SWIFT_VERSION = 5.0;
				TARGETED_DEVICE_FAMILY = 1;
			};
			name = Debug;
		};
		WW0009010000000000000002 /* Release */ = {
			isa = XCBuildConfiguration;
			buildSettings = {
				ASSETCATALOG_COMPILER_GLOBAL_ACCENT_COLOR_NAME = AccentColor;
				CODE_SIGN_ENTITLEMENTS = WeartherWidgets/WeartherWidgets.entitlements;
				CODE_SIGN_STYLE = Automatic;
				CURRENT_PROJECT_VERSION = 1;
				DEVELOPMENT_TEAM = "";
				GENERATE_INFOPLIST_FILE = NO;
				INFOPLIST_FILE = WeartherWidgets/Info.plist;
				IPHONEOS_DEPLOYMENT_TARGET = 17.0;
				LD_RUNPATH_SEARCH_PATHS = (
					"$(inherited)",
					"@executable_path/Frameworks",
					"@executable_path/../../Frameworks",
				);
				MARKETING_VERSION = 1.0;
				PRODUCT_BUNDLE_IDENTIFIER = com.wearther.app.widgets;
				PRODUCT_NAME = "$(TARGET_NAME)";
				SKIP_INSTALL = YES;
				SUPPORTED_PLATFORMS = "iphoneos iphonesimulator";
				SUPPORTS_MACCATALYST = NO;
				SWIFT_EMIT_LOC_STRINGS = YES;
				SWIFT_VERSION = 5.0;
				TARGETED_DEVICE_FAMILY = 1;
			};
			name = Release;
		};
/* End XCBuildConfiguration section */

/* Begin XCConfigurationList section */
		AA0007010000000000000001 /* Build configuration list for PBXProject "Wearther" */ = {
			isa = XCConfigurationList;
			buildConfigurations = (
				AA0009010000000000000001 /* Debug */,
				AA0009010000000000000002 /* Release */,
			);
			defaultConfigurationIsVisible = 0;
			defaultConfigurationName = Release;
		};
		AA0007010000000000000003 /* Build configuration list for PBXNativeTarget "Wearther" */ = {
			isa = XCConfigurationList;
			buildConfigurations = (
				AA0009010000000000000003 /* Debug */,
				AA0009010000000000000004 /* Release */,
			);
			defaultConfigurationIsVisible = 0;
			defaultConfigurationName = Release;
		};
		WW0007010000000000000001 /* Build configuration list for PBXNativeTarget "WeartherWidgets" */ = {
			isa = XCConfigurationList;
			buildConfigurations = (
				WW0009010000000000000001 /* Debug */,
				WW0009010000000000000002 /* Release */,
			);
			defaultConfigurationIsVisible = 0;
			defaultConfigurationName = Release;
		};
/* End XCConfigurationList section */
	};
	rootObject = AA0008010000000000000001 /* Project object */;
}
